
Microsoft Visual Studio Solution File, Format Version 12.00
# Visual Studio Version 17
VisualStudioVersion = 17.3.32811.315
MinimumVisualStudioVersion = 10.0.40219.1
Project("{FAE04EC0-301F-11D3-BF4B-00C04F79EFBC}") = "SharpClock", "SharpClock\SharpClock.csproj", "{1B62D2D0-4211-4E14-AE3E-2B83A6ADF43B}"
EndProject
Global
	GlobalSection(SolutionConfigurationPlatforms) = preSolution
		Debug|Any CPU = Debug|Any CPU
		Release|Any CPU = Release|Any CPU
	EndGlobalSection
	GlobalSection(ProjectConfigurationPlatforms) = postSolution
		{1B62D2D0-4211-4E14-AE3E-2B83A6ADF43B}.Debug|Any CPU.ActiveCfg = Debug|Any CPU
		{1B62D2D0-4211-4E14-AE3E-2B83A6ADF43B}.Debug|Any CPU.Build.0 = Debug|Any CPU
		{1B62D2D0-4211-4E14-AE3E-2B83A6ADF43B}.Release|Any CPU.ActiveCfg = Release|Any CPU
		{1B62D2D0-4211-4E14-AE3E-2B83A6ADF43B}.Release|Any CPU.Build.0 = Release|Any CPU
	EndGlobalSection
	GlobalSection(SolutionProperties) = preSolution
		HideSolutionNode = FALSE
	EndGlobalSection
	GlobalSection(ExtensibilityGlobals) = postSolution
		SolutionGuid = {B79108D9-164D-4D57-B05F-F2F9A26EC8EE}
	EndGlobalSection
EndGlobal
